
Microsoft Visual Studio Solution File, Format Version 12.00
# Visual Studio 14
VisualStudioVersion = 14.0.24720.0
MinimumVisualStudioVersion = 10.0.40219.1
Project("{FAE04EC0-301F-11D3-BF4B-00C04F79EFBC}") = "JoinMeLive", "JoinMeLive\JoinMeLive.csproj", "{4E8BE0BC-79FE-4455-AEE9-0B5EFE111C03}"
EndProject
Project("{FAE04EC0-301F-11D3-BF4B-00C04F79EFBC}") = "JoinMeLive.DAL", "JoinMeLive.DAL\JoinMeLive.DAL.csproj", "{BBAAA619-0641-4DEB-A19B-8CB0BA98A959}"
EndProject
Project("{FAE04EC0-301F-11D3-BF4B-00C04F79EFBC}") = "JoinMeLive.Helpers", "JoinMeLive.Helpers\JoinMeLive.Helpers.csproj", "{2C8B0EB8-A8E5-4059-BB50-FE77ECABCFC5}"
EndProject
Global
	GlobalSection(SolutionConfigurationPlatforms) = preSolution
		Debug|Any CPU = Debug|Any CPU
		Release|Any CPU = Release|Any CPU
	EndGlobalSection
	GlobalSection(ProjectConfigurationPlatforms) = postSolution
		{4E8BE0BC-79FE-4455-AEE9-0B5EFE111C03}.Debug|Any CPU.ActiveCfg = Debug|Any CPU
		{4E8BE0BC-79FE-4455-AEE9-0B5EFE111C03}.Debug|Any CPU.Build.0 = Debug|Any CPU
		{4E8BE0BC-79FE-4455-AEE9-0B5EFE111C03}.Release|Any CPU.ActiveCfg = Release|Any CPU
		{4E8BE0BC-79FE-4455-AEE9-0B5EFE111C03}.Release|Any CPU.Build.0 = Release|Any CPU
		{BBAAA619-0641-4DEB-A19B-8CB0BA98A959}.Debug|Any CPU.ActiveCfg = Debug|Any CPU
		{BBAAA619-0641-4DEB-A19B-8CB0BA98A959}.Debug|Any CPU.Build.0 = Debug|Any CPU
		{BBAAA619-0641-4DEB-A19B-8CB0BA98A959}.Release|Any CPU.ActiveCfg = Release|Any CPU
		{BBAAA619-0641-4DEB-A19B-8CB0BA98A959}.Release|Any CPU.Build.0 = Release|Any CPU
		{2C8B0EB8-A8E5-4059-BB50-FE77ECABCFC5}.Debug|Any CPU.ActiveCfg = Debug|Any CPU
		{2C8B0EB8-A8E5-4059-BB50-FE77ECABCFC5}.Debug|Any CPU.Build.0 = Debug|Any CPU
		{2C8B0EB8-A8E5-4059-BB50-FE77ECABCFC5}.Release|Any CPU.ActiveCfg = Release|Any CPU
		{2C8B0EB8-A8E5-4059-BB50-FE77ECABCFC5}.Release|Any CPU.Build.0 = Release|Any CPU
	EndGlobalSection
	GlobalSection(SolutionProperties) = preSolution
		HideSolutionNode = FALSE
	EndGlobalSection
EndGlobal
